
Microsoft Visual Studio Solution File, Format Version 12.00
# Visual Studio Version 17
VisualStudioVersion = 17.0.32014.148
MinimumVisualStudioVersion = 10.0.40219.1
Project("{FAE04EC0-301F-11D3-BF4B-00C04F79EFBC}") = "Projet Web MVC avec fichier _ CRUD", "Projet Web MVC avec fichier _ CRUD.csproj", "{7EE6010D-8E67-4F94-A379-5B65498A59E3}"
EndProject
Global
	GlobalSection(SolutionConfigurationPlatforms) = preSolution
		Debug|Any CPU = Debug|Any CPU
		Release|Any CPU = Release|Any CPU
	EndGlobalSection
	GlobalSection(ProjectConfigurationPlatforms) = postSolution
		{7EE6010D-8E67-4F94-A379-5B65498A59E3}.Debug|Any CPU.ActiveCfg = Debug|Any CPU
		{7EE6010D-8E67-4F94-A379-5B65498A59E3}.Debug|Any CPU.Build.0 = Debug|Any CPU
		{7EE6010D-8E67-4F94-A379-5B65498A59E3}.Release|Any CPU.ActiveCfg = Release|Any CPU
		{7EE6010D-8E67-4F94-A379-5B65498A59E3}.Release|Any CPU.Build.0 = Release|Any CPU
	EndGlobalSection
	GlobalSection(SolutionProperties) = preSolution
		HideSolutionNode = FALSE
	EndGlobalSection
	GlobalSection(ExtensibilityGlobals) = postSolution
		SolutionGuid = {C31DC92D-DC9E-4824-9435-7B65444FCE99}
	EndGlobalSection
EndGlobal
